// !$*UTF8*$!
{
	archiveVersion = 1;
	classes = {
	};
	objectVersion = 50;
	objects = {

/* Begin PBXBuildFile section */
		11D9D63F2274E49300139FDC /* AppDelegate.swift in Sources */ = {isa = PBXBuildFile; fileRef = 11D9D63E2274E49300139FDC /* AppDelegate.swift */; };
		11D9D6412274E49300139FDC /* FrameAndBoundViewController.swift in Sources */ = {isa = PBXBuildFile; fileRef = 11D9D6402274E49300139FDC /* FrameAndBoundViewController.swift */; };
		11D9D6442274E49300139FDC /* Main.storyboard in Resources */ = {isa = PBXBuildFile; fileRef = 11D9D6422274E49300139FDC /* Main.storyboard */; };
		11D9D6462274E49600139FDC /* Assets.xcassets in Resources */ = {isa = PBXBuildFile; fileRef = 11D9D6452274E49600139FDC /* Assets.xcassets */; };
		11D9D6492274E49600139FDC /* LaunchScreen.storyboard in Resources */ = {isa = PBXBuildFile; fileRef = 11D9D6472274E49600139FDC /* LaunchScreen.storyboard */; };
		11D9D651227507C900139FDC /* UIFrameAndBoundsView.swift in Sources */ = {isa = PBXBuildFile; fileRef = 11D9D650227507C900139FDC /* UIFrameAndBoundsView.swift */; };
/* End PBXBuildFile section */

/* Begin PBXFileReference section */
		11D9D63B2274E49300139FDC /* 03_FrameAndBound.app */ = {isa = PBXFileReference; explicitFileType = wrapper.application; includeInIndex = 0; path = 03_FrameAndBound.app; sourceTree = BUILT_PRODUCTS_DIR; };
		11D9D63E2274E49300139FDC /* AppDelegate.swift */ = {isa = PBXFileReference; lastKnownFileType = sourcecode.swift; path = AppDelegate.swift; sourceTree = "<group>"; };
		11D9D6402274E49300139FDC /* FrameAndBoundViewController.swift */ = {isa = PBXFileReference; lastKnownFileType = sourcecode.swift; path = FrameAndBoundViewController.swift; sourceTree = "<group>"; };
		11D9D6432274E49300139FDC /* Base */ = {isa = PBXFileReference; lastKnownFileType = file.storyboard; name = Base; path = Base.lproj/Main.storyboard; sourceTree = "<group>"; };
		11D9D6452274E49600139FDC /* Assets.xcassets */ = {isa = PBXFileReference; lastKnownFileType = folder.assetcatalog; path = Assets.xcassets; sourceTree = "<group>"; };
		11D9D6482274E49600139FDC /* Base */ = {isa = PBXFileReference; lastKnownFileType = file.storyboard; name = Base; path = Base.lproj/LaunchScreen.storyboard; sourceTree = "<group>"; };
		11D9D64A2274E49600139FDC /* Info.plist */ = {isa = PBXFileReference; lastKnownFileType = text.plist.xml; path = Info.plist; sourceTree = "<group>"; };
		11D9D650227507C900139FDC /* UIFrameAndBoundsView.swift */ = {isa = PBXFileReference; lastKnownFileType = sourcecode.swift; path = UIFrameAndBoundsView.swift; sourceTree = "<group>"; };
/* End PBXFileReference section */

/* Begin PBXFrameworksBuildPhase section */
		11D9D6382274E49300139FDC /* Frameworks */ = {
			isa = PBXFrameworksBuildPhase;
			buildActionMask = 2147483647;
			files = (
			);
			runOnlyForDeploymentPostprocessing = 0;
		};
/* End PBXFrameworksBuildPhase section */

/* Begin PBXGroup section */
		11D9D6322274E49300139FDC = {
			isa = PBXGroup;
			children = (
				11D9D63D2274E49300139FDC /* 03_FrameAndBound */,
				11D9D63C2274E49300139FDC /* Products */,
			);
			sourceTree = "<group>";
		};
		11D9D63C2274E49300139FDC /* Products */ = {
			isa = PBXGroup;
			children = (
				11D9D63B2274E49300139FDC /* 03_FrameAndBound.app */,
			);
			name = Products;
			sourceTree = "<group>";
		};
		11D9D63D2274E49300139FDC /* 03_FrameAndBound */ = {
			isa = PBXGroup;
			children = (
				11D9D63E2274E49300139FDC /* AppDelegate.swift */,
				11D9D6402274E49300139FDC /* FrameAndBoundViewController.swift */,
				11D9D6422274E49300139FDC /* Main.storyboard */,
				11D9D6452274E49600139FDC /* Assets.xcassets */,
				11D9D6472274E49600139FDC /* LaunchScreen.storyboard */,
				11D9D64A2274E49600139FDC /* Info.plist */,
				11D9D650227507C900139FDC /* UIFrameAndBoundsView.swift */,
			);
			path = 03_FrameAndBound;
			sourceTree = "<group>";
		};
/* End PBXGroup section */

/* Begin PBXNativeTarget section */
		11D9D63A2274E49300139FDC /* 03_FrameAndBound */ = {
			isa = PBXNativeTarget;
			buildConfigurationList = 11D9D64D2274E49600139FDC /* Build configuration list for PBXNativeTarget "03_FrameAndBound" */;
			buildPhases = (
				11D9D6372274E49300139FDC /* Sources */,
				11D9D6382274E49300139FDC /* Frameworks */,
				11D9D6392274E49300139FDC /* Resources */,
			);
			buildRules = (
			);
			dependencies = (
			);
			name = 03_FrameAndBound;
			productName = 03_FrameAndBound;
			productReference = 11D9D63B2274E49300139FDC /* 03_FrameAndBound.app */;
			productType = "com.apple.product-type.application";
		};
/* End PBXNativeTarget section */

/* Begin PBXProject section */
		11D9D6332274E49300139FDC /* Project object */ = {
			isa = PBXProject;
			attributes = {
				LastSwiftUpdateCheck = 1020;
				LastUpgradeCheck = 1020;
				ORGANIZATIONNAME = sy;
				TargetAttributes = {
					11D9D63A2274E49300139FDC = {
						CreatedOnToolsVersion = 10.2.1;
					};
				};
			};
			buildConfigurationList = 11D9D6362274E49300139FDC /* Build configuration list for PBXProject "03_FrameAndBound" */;
			compatibilityVersion = "Xcode 9.3";
			developmentRegion = en;
			hasScannedForEncodings = 0;
			knownRegions = (
				en,
				Base,
			);
			mainGroup = 11D9D6322274E49300139FDC;
			productRefGroup = 11D9D63C2274E49300139FDC /* Products */;
			projectDirPath = "";
			projectRoot = "";
			targets = (
				11D9D63A2274E49300139FDC /* 03_FrameAndBound */,
			);
		};
/* End PBXProject section */

/* Begin PBXResourcesBuildPhase section */
		11D9D6392274E49300139FDC /* Resources */ = {
			isa = PBXResourcesBuildPhase;
			buildActionMask = 2147483647;
			files = (
				11D9D6492274E49600139FDC /* LaunchScreen.storyboard in Resources */,
				11D9D6462274E49600139FDC /* Assets.xcassets in Resources */,
				11D9D6442274E49300139FDC /* Main.storyboard in Resources */,
			);
			runOnlyForDeploymentPostprocessing = 0;
		};
/* End PBXResourcesBuildPhase section */

/* Begin PBXSourcesBuildPhase section */
		11D9D6372274E49300139FDC /* Sources */ = {
			isa = PBXSourcesBuildPhase;
			buildActionMask = 2147483647;
			files = (
				11D9D6412274E49300139FDC /* FrameAndBoundViewController.swift in Sources */,
				11D9D651227507C900139FDC /* UIFrameAndBoundsView.swift in Sources */,
				11D9D63F2274E49300139FDC /* AppDelegate.swift in Sources */,
			);
			runOnlyForDeploymentPostprocessing = 0;
		};
/* End PBXSourcesBuildPhase section */

/* Begin PBXVariantGroup section */
		11D9D6422274E49300139FDC /* Main.storyboard */ = {
			isa = PBXVariantGroup;
			children = (
				11D9D6432274E49300139FDC /* Base */,
			);
			name = Main.storyboard;
			sourceTree = "<group>";
		};
		11D9D6472274E49600139FDC /* LaunchScreen.storyboard */ = {
			isa = PBXVariantGroup;
			children = (
				11D9D6482274E49600139FDC /* Base */,
			);
			name = LaunchScreen.storyboard;
			sourceTree = "<group>";
		};
/* End PBXVariantGroup section */

/* Begin XCBuildConfiguration section */
		11D9D64B2274E49600139FDC /* Debug */ = {
			isa = XCBuildConfiguration;
			buildSettings = {
				ALWAYS_SEARCH_USER_PATHS = NO;
				CLANG_ANALYZER_NONNULL = YES;
				CLANG_ANALYZER_NUMBER_OBJECT_CONVERSION = YES_AGGRESSIVE;
				CLANG_CXX_LANGUAGE_STANDARD = "gnu++14";
				CLANG_CXX_LIBRARY = "libc++";
				CLANG_ENABLE_MODULES = YES;
				CLANG_ENABLE_OBJC_ARC = YES;
				CLANG_ENABLE_OBJC_WEAK = YES;
				CLANG_WARN_BLOCK_CAPTURE_AUTORELEASING = YES;
				CLANG_WARN_BOOL_CONVERSION = YES;
				CLANG_WARN_COMMA = YES;
				CLANG_WARN_CONSTANT_CONVERSION = YES;
				CLANG_WARN_DEPRECATED_OBJC_IMPLEMENTATIONS = YES;
				CLANG_WARN_DIRECT_OBJC_ISA_USAGE = YES_ERROR;
				CLANG_WARN_DOCUMENTATION_COMMENTS = YES;
				CLANG_WARN_EMPTY_BODY = YES;
				CLANG_WARN_ENUM_CONVERSION = YES;
				CLANG_WARN_INFINITE_RECURSION = YES;
				CLANG_WARN_INT_CONVERSION = YES;
				CLANG_WARN_NON_LITERAL_NULL_CONVERSION = YES;
				CLANG_WARN_OBJC_IMPLICIT_RETAIN_SELF = YES;
				CLANG_WARN_OBJC_LITERAL_CONVERSION = YES;
				CLANG_WARN_OBJC_ROOT_CLASS = YES_ERROR;
				CLANG_WARN_RANGE_LOOP_ANALYSIS = YES;
				CLANG_WARN_STRICT_PROTOTYPES = YES;
				CLANG_WARN_SUSPICIOUS_MOVE = YES;
				CLANG_WARN_UNGUARDED_AVAILABILITY = YES_AGGRESSIVE;
				CLANG_WARN_UNREACHABLE_CODE = YES;
				CLANG_WARN__DUPLICATE_METHOD_MATCH = YES;
				CODE_SIGN_IDENTITY = "iPhone Developer";
				COPY_PHASE_STRIP = NO;
				DEBUG_INFORMATION_FORMAT = dwarf;
				ENABLE_STRICT_OBJC_MSGSEND = YES;
				ENABLE_TESTABILITY = YES;
				GCC_C_LANGUAGE_STANDARD = gnu11;
				GCC_DYNAMIC_NO_PIC = NO;
				GCC_NO_COMMON_BLOCKS = YES;
				GCC_OPTIMIZATION_LEVEL = 0;
				GCC_PREPROCESSOR_DEFINITIONS = (
					"DEBUG=1",
					"$(inherited)",
				);
				GCC_WARN_64_TO_32_BIT_CONVERSION = YES;
				GCC_WARN_ABOUT_RETURN_TYPE = YES_ERROR;
				GCC_WARN_UNDECLARED_SELECTOR = YES;
				GCC_WARN_UNINITIALIZED_AUTOS = YES_AGGRESSIVE;
				GCC_WARN_UNUSED_FUNCTION = YES;
				GCC_WARN_UNUSED_VARIABLE = YES;
				IPHONEOS_DEPLOYMENT_TARGET = 12.2;
				MTL_ENABLE_DEBUG_INFO = INCLUDE_SOURCE;
				MTL_FAST_MATH = YES;
				ONLY_ACTIVE_ARCH = YES;
				SDKROOT = iphoneos;
				SWIFT_ACTIVE_COMPILATION_CONDITIONS = DEBUG;
				SWIFT_OPTIMIZATION_LEVEL = "-Onone";
			};
			name = Debug;
		};
		11D9D64C2274E49600139FDC /* Release */ = {
			isa = XCBuildConfiguration;
			buildSettings = {
				ALWAYS_SEARCH_USER_PATHS = NO;
				CLANG_ANALYZER_NONNULL = YES;
				CLANG_ANALYZER_NUMBER_OBJECT_CONVERSION = YES_AGGRESSIVE;
				CLANG_CXX_LANGUAGE_STANDARD = "gnu++14";
				CLANG_CXX_LIBRARY = "libc++";
				CLANG_ENABLE_MODULES = YES;
				CLANG_ENABLE_OBJC_ARC = YES;
				CLANG_ENABLE_OBJC_WEAK = YES;
				CLANG_WARN_BLOCK_CAPTURE_AUTORELEASING = YES;
				CLANG_WARN_BOOL_CONVERSION = YES;
				CLANG_WARN_COMMA = YES;
				CLANG_WARN_CONSTANT_CONVERSION = YES;
				CLANG_WARN_DEPRECATED_OBJC_IMPLEMENTATIONS = YES;
				CLANG_WARN_DIRECT_OBJC_ISA_USAGE = YES_ERROR;
				CLANG_WARN_DOCUMENTATION_COMMENTS = YES;
				CLANG_WARN_EMPTY_BODY = YES;
				CLANG_WARN_ENUM_CONVERSION = YES;
				CLANG_WARN_INFINITE_RECURSION = YES;
				CLANG_WARN_INT_CONVERSION = YES;
				CLANG_WARN_NON_LITERAL_NULL_CONVERSION = YES;
				CLANG_WARN_OBJC_IMPLICIT_RETAIN_SELF = YES;
				CLANG_WARN_OBJC_LITERAL_CONVERSION = YES;
				CLANG_WARN_OBJC_ROOT_CLASS = YES_ERROR;
				CLANG_WARN_RANGE_LOOP_ANALYSIS = YES;
				CLANG_WARN_STRICT_PROTOTYPES = YES;
				CLANG_WARN_SUSPICIOUS_MOVE = YES;
				CLANG_WARN_UNGUARDED_AVAILABILITY = YES_AGGRESSIVE;
				CLANG_WARN_UNREACHABLE_CODE = YES;
				CLANG_WARN__DUPLICATE_METHOD_MATCH = YES;
				CODE_SIGN_IDENTITY = "iPhone Developer";
				COPY_PHASE_STRIP = NO;
				DEBUG_INFORMATION_FORMAT = "dwarf-with-dsym";
				ENABLE_NS_ASSERTIONS = NO;
				ENABLE_STRICT_OBJC_MSGSEND = YES;
				GCC_C_LANGUAGE_STANDARD = gnu11;
				GCC_NO_COMMON_BLOCKS = YES;
				GCC_WARN_64_TO_32_BIT_CONVERSION = YES;
				GCC_WARN_ABOUT_RETURN_TYPE = YES_ERROR;
				GCC_WARN_UNDECLARED_SELECTOR = YES;
				GCC_WARN_UNINITIALIZED_AUTOS = YES_AGGRESSIVE;
				GCC_WARN_UNUSED_FUNCTION = YES;
				GCC_WARN_UNUSED_VARIABLE = YES;
				IPHONEOS_DEPLOYMENT_TARGET = 12.2;
				MTL_ENABLE_DEBUG_INFO = NO;
				MTL_FAST_MATH = YES;
				SDKROOT = iphoneos;
				SWIFT_COMPILATION_MODE = wholemodule;
				SWIFT_OPTIMIZATION_LEVEL = "-O";
				VALIDATE_PRODUCT = YES;
			};
			name = Release;
		};
		11D9D64E2274E49600139FDC /* Debug */ = {
			isa = XCBuildConfiguration;
			buildSettings = {
				ASSETCATALOG_COMPILER_APPICON_NAME = AppIcon;
				CODE_SIGN_STYLE = Automatic;
				DEVELOPMENT_TEAM = 7Q4QUU55W5;
				INFOPLIST_FILE = 03_FrameAndBound/Info.plist;
				LD_RUNPATH_SEARCH_PATHS = (
					"$(inherited)",
					"@executable_path/Frameworks",
				);
				PRODUCT_BUNDLE_IDENTIFIER = "com.personal.sy.-3-FrameAndBound";
				PRODUCT_NAME = "$(TARGET_NAME)";
				SWIFT_VERSION = 5.0;
				TARGETED_DEVICE_FAMILY = "1,2";
			};
			name = Debug;
		};
		11D9D64F2274E49600139FDC /* Release */ = {
			isa = XCBuildConfiguration;
			buildSettings = {
				ASSETCATALOG_COMPILER_APPICON_NAME = AppIcon;
				CODE_SIGN_STYLE = Automatic;
				DEVELOPMENT_TEAM = 7Q4QUU55W5;
				INFOPLIST_FILE = 03_FrameAndBound/Info.plist;
				LD_RUNPATH_SEARCH_PATHS = (
					"$(inherited)",
					"@executable_path/Frameworks",
				);
				PRODUCT_BUNDLE_IDENTIFIER = "com.personal.sy.-3-FrameAndBound";
				PRODUCT_NAME = "$(TARGET_NAME)";
				SWIFT_VERSION = 5.0;
				TARGETED_DEVICE_FAMILY = "1,2";
			};
			name = Release;
		};
/* End XCBuildConfiguration section */

/* Begin XCConfigurationList section */
		11D9D6362274E49300139FDC /* Build configuration list for PBXProject "03_FrameAndBound" */ = {
			isa = XCConfigurationList;
			buildConfigurations = (
				11D9D64B2274E49600139FDC /* Debug */,
				11D9D64C2274E49600139FDC /* Release */,
			);
			defaultConfigurationIsVisible = 0;
			defaultConfigurationName = Release;
		};
		11D9D64D2274E49600139FDC /* Build configuration list for PBXNativeTarget "03_FrameAndBound" */ = {
			isa = XCConfigurationList;
			buildConfigurations = (
				11D9D64E2274E49600139FDC /* Debug */,
				11D9D64F2274E49600139FDC /* Release */,
			);
			defaultConfigurationIsVisible = 0;
			defaultConfigurationName = Release;
		};
/* End XCConfigurationList section */
	};
	rootObject = 11D9D6332274E49300139FDC /* Project object */;
}
